
Microsoft Visual Studio Solution File, Format Version 11.00
# Visual Studio 2010
Project("{FAE04EC0-301F-11D3-BF4B-00C04F79EFBC}") = "NTChina.Web", "NTChina.Web\NTChina.Web.csproj", "{AE8B871F-FAB2-48DA-8535-EAC341BF058F}"
EndProject
Project("{FAE04EC0-301F-11D3-BF4B-00C04F79EFBC}") = "NTChina.Service", "NTChina.Service\NTChina.Service.csproj", "{80BFBD6A-E9FE-48F7-BA5A-6436C1797B36}"
EndProject
Project("{FAE04EC0-301F-11D3-BF4B-00C04F79EFBC}") = "NTChina.Domain", "NTChina.Domain\NTChina.Domain.csproj", "{CB27C6CD-2C85-4381-A0D0-4955B55AF7AC}"
EndProject
Project("{FAE04EC0-301F-11D3-BF4B-00C04F79EFBC}") = "NTChina.Data.Sqlserver", "NTChina.Data.Sqlserver\NTChina.Data.Sqlserver.csproj", "{01F60235-74E0-4154-8BDD-D59D6EAFD2C4}"
EndProject
Global
	GlobalSection(SolutionConfigurationPlatforms) = preSolution
		Debug|Any CPU = Debug|Any CPU
		Release|Any CPU = Release|Any CPU
	EndGlobalSection
	GlobalSection(ProjectConfigurationPlatforms) = postSolution
		{AE8B871F-FAB2-48DA-8535-EAC341BF058F}.Debug|Any CPU.ActiveCfg = Debug|Any CPU
		{AE8B871F-FAB2-48DA-8535-EAC341BF058F}.Debug|Any CPU.Build.0 = Debug|Any CPU
		{AE8B871F-FAB2-48DA-8535-EAC341BF058F}.Release|Any CPU.ActiveCfg = Release|Any CPU
		{AE8B871F-FAB2-48DA-8535-EAC341BF058F}.Release|Any CPU.Build.0 = Release|Any CPU
		{80BFBD6A-E9FE-48F7-BA5A-6436C1797B36}.Debug|Any CPU.ActiveCfg = Debug|Any CPU
		{80BFBD6A-E9FE-48F7-BA5A-6436C1797B36}.Debug|Any CPU.Build.0 = Debug|Any CPU
		{80BFBD6A-E9FE-48F7-BA5A-6436C1797B36}.Release|Any CPU.ActiveCfg = Release|Any CPU
		{80BFBD6A-E9FE-48F7-BA5A-6436C1797B36}.Release|Any CPU.Build.0 = Release|Any CPU
		{CB27C6CD-2C85-4381-A0D0-4955B55AF7AC}.Debug|Any CPU.ActiveCfg = Debug|Any CPU
		{CB27C6CD-2C85-4381-A0D0-4955B55AF7AC}.Debug|Any CPU.Build.0 = Debug|Any CPU
		{CB27C6CD-2C85-4381-A0D0-4955B55AF7AC}.Release|Any CPU.ActiveCfg = Release|Any CPU
		{CB27C6CD-2C85-4381-A0D0-4955B55AF7AC}.Release|Any CPU.Build.0 = Release|Any CPU
		{01F60235-74E0-4154-8BDD-D59D6EAFD2C4}.Debug|Any CPU.ActiveCfg = Debug|Any CPU
		{01F60235-74E0-4154-8BDD-D59D6EAFD2C4}.Debug|Any CPU.Build.0 = Debug|Any CPU
		{01F60235-74E0-4154-8BDD-D59D6EAFD2C4}.Release|Any CPU.ActiveCfg = Release|Any CPU
		{01F60235-74E0-4154-8BDD-D59D6EAFD2C4}.Release|Any CPU.Build.0 = Release|Any CPU
	EndGlobalSection
	GlobalSection(SolutionProperties) = preSolution
		HideSolutionNode = FALSE
	EndGlobalSection
EndGlobal
